
Microsoft Visual Studio Solution File, Format Version 12.00
# Visual Studio 15
VisualStudioVersion = 15.0.27428.1
MinimumVisualStudioVersion = 10.0.40219.1
Project("{FAE04EC0-301F-11D3-BF4B-00C04F79EFBC}") = "WebSocketDemo.Service", "WebSocketDemo.Service\WebSocketDemo.Service.csproj", "{B14C21D6-37F8-47DA-A1AB-C91B58B3B5F3}"
EndProject
Project("{FAE04EC0-301F-11D3-BF4B-00C04F79EFBC}") = "WebSocketDemo.App", "WebSocketDemo.App\WebSocketDemo.App.csproj", "{7E26DA94-6862-4CAF-AB99-06BE10452EF5}"
EndProject
Global
	GlobalSection(SolutionConfigurationPlatforms) = preSolution
		Debug|Any CPU = Debug|Any CPU
		Release|Any CPU = Release|Any CPU
	EndGlobalSection
	GlobalSection(ProjectConfigurationPlatforms) = postSolution
		{B14C21D6-37F8-47DA-A1AB-C91B58B3B5F3}.Debug|Any CPU.ActiveCfg = Debug|Any CPU
		{B14C21D6-37F8-47DA-A1AB-C91B58B3B5F3}.Debug|Any CPU.Build.0 = Debug|Any CPU
		{B14C21D6-37F8-47DA-A1AB-C91B58B3B5F3}.Release|Any CPU.ActiveCfg = Release|Any CPU
		{B14C21D6-37F8-47DA-A1AB-C91B58B3B5F3}.Release|Any CPU.Build.0 = Release|Any CPU
		{7E26DA94-6862-4CAF-AB99-06BE10452EF5}.Debug|Any CPU.ActiveCfg = Debug|Any CPU
		{7E26DA94-6862-4CAF-AB99-06BE10452EF5}.Debug|Any CPU.Build.0 = Debug|Any CPU
		{7E26DA94-6862-4CAF-AB99-06BE10452EF5}.Release|Any CPU.ActiveCfg = Release|Any CPU
		{7E26DA94-6862-4CAF-AB99-06BE10452EF5}.Release|Any CPU.Build.0 = Release|Any CPU
	EndGlobalSection
	GlobalSection(SolutionProperties) = preSolution
		HideSolutionNode = FALSE
	EndGlobalSection
	GlobalSection(ExtensibilityGlobals) = postSolution
		SolutionGuid = {B6F7F6DD-0D17-443E-89C1-A4417ECB060F}
	EndGlobalSection
EndGlobal
